
Microsoft Visual Studio Solution File, Format Version 12.00
# Visual Studio Version 16
VisualStudioVersion = 16.0.30517.126
MinimumVisualStudioVersion = 10.0.40219.1
Project("{FAE04EC0-301F-11D3-BF4B-00C04F79EFBC}") = "Week3Exercises", "Week3Exercises\Week3Exercises.csproj", "{EB08D9CA-EEAC-402C-9EB4-664F45F2843C}"
EndProject
Project("{FAE04EC0-301F-11D3-BF4B-00C04F79EFBC}") = "WeatherReport", "WeatherReport\WeatherReport.csproj", "{B52A0F28-4E15-4219-AB60-541CCB969E78}"
EndProject
Global
	GlobalSection(SolutionConfigurationPlatforms) = preSolution
		Debug|Any CPU = Debug|Any CPU
		Release|Any CPU = Release|Any CPU
	EndGlobalSection
	GlobalSection(ProjectConfigurationPlatforms) = postSolution
		{EB08D9CA-EEAC-402C-9EB4-664F45F2843C}.Debug|Any CPU.ActiveCfg = Debug|Any CPU
		{EB08D9CA-EEAC-402C-9EB4-664F45F2843C}.Debug|Any CPU.Build.0 = Debug|Any CPU
		{EB08D9CA-EEAC-402C-9EB4-664F45F2843C}.Release|Any CPU.ActiveCfg = Release|Any CPU
		{EB08D9CA-EEAC-402C-9EB4-664F45F2843C}.Release|Any CPU.Build.0 = Release|Any CPU
		{B52A0F28-4E15-4219-AB60-541CCB969E78}.Debug|Any CPU.ActiveCfg = Debug|Any CPU
		{B52A0F28-4E15-4219-AB60-541CCB969E78}.Debug|Any CPU.Build.0 = Debug|Any CPU
		{B52A0F28-4E15-4219-AB60-541CCB969E78}.Release|Any CPU.ActiveCfg = Release|Any CPU
		{B52A0F28-4E15-4219-AB60-541CCB969E78}.Release|Any CPU.Build.0 = Release|Any CPU
	EndGlobalSection
	GlobalSection(SolutionProperties) = preSolution
		HideSolutionNode = FALSE
	EndGlobalSection
	GlobalSection(ExtensibilityGlobals) = postSolution
		SolutionGuid = {4050AD20-08B4-442C-B381-172E925E5036}
	EndGlobalSection
EndGlobal
